
Microsoft Visual Studio Solution File, Format Version 12.00
# Visual Studio Version 17
VisualStudioVersion = 17.0.31903.59
MinimumVisualStudioVersion = 10.0.40219.1
Project("{2150E333-8FDC-42A3-9474-1A3956D46DE8}") = "AspDeliverSiteDiplom-master", "AspDeliverSiteDiplom-master", "{A6A0FF6A-29DA-DAAD-0C6E-A211D5EE6583}"
EndProject
Project("{FAE04EC0-301F-11D3-BF4B-00C04F79EFBC}") = "DiplomApplication", "AspDeliverSiteDiplom-master\DiplomApplication.csproj", "{D7DDC101-1C7A-4EAA-8ABB-003AC85DB1F1}"
EndProject
Project("{2150E333-8FDC-42A3-9474-1A3956D46DE8}") = "Tests", "Tests", "{0AB3BF05-4346-4AA6-1389-037BE0695223}"
EndProject
Project("{2150E333-8FDC-42A3-9474-1A3956D46DE8}") = "Tests", "Tests", "{EC10624D-81B3-6534-873E-E7707B308740}"
EndProject
Project("{FAE04EC0-301F-11D3-BF4B-00C04F79EFBC}") = "Tests", "Tests\Tests\Tests\Tests.csproj", "{BF7F7D61-704D-45FA-8B8D-757658CDE6E2}"
EndProject
Global
	GlobalSection(SolutionConfigurationPlatforms) = preSolution
		Debug|Any CPU = Debug|Any CPU
		Debug|x64 = Debug|x64
		Debug|x86 = Debug|x86
		Release|Any CPU = Release|Any CPU
		Release|x64 = Release|x64
		Release|x86 = Release|x86
	EndGlobalSection
	GlobalSection(ProjectConfigurationPlatforms) = postSolution
		{D7DDC101-1C7A-4EAA-8ABB-003AC85DB1F1}.Debug|Any CPU.ActiveCfg = Debug|Any CPU
		{D7DDC101-1C7A-4EAA-8ABB-003AC85DB1F1}.Debug|Any CPU.Build.0 = Debug|Any CPU
		{D7DDC101-1C7A-4EAA-8ABB-003AC85DB1F1}.Debug|x64.ActiveCfg = Debug|Any CPU
		{D7DDC101-1C7A-4EAA-8ABB-003AC85DB1F1}.Debug|x64.Build.0 = Debug|Any CPU
		{D7DDC101-1C7A-4EAA-8ABB-003AC85DB1F1}.Debug|x86.ActiveCfg = Debug|Any CPU
		{D7DDC101-1C7A-4EAA-8ABB-003AC85DB1F1}.Debug|x86.Build.0 = Debug|Any CPU
		{D7DDC101-1C7A-4EAA-8ABB-003AC85DB1F1}.Release|Any CPU.ActiveCfg = Release|Any CPU
		{D7DDC101-1C7A-4EAA-8ABB-003AC85DB1F1}.Release|Any CPU.Build.0 = Release|Any CPU
		{D7DDC101-1C7A-4EAA-8ABB-003AC85DB1F1}.Release|x64.ActiveCfg = Release|Any CPU
		{D7DDC101-1C7A-4EAA-8ABB-003AC85DB1F1}.Release|x64.Build.0 = Release|Any CPU
		{D7DDC101-1C7A-4EAA-8ABB-003AC85DB1F1}.Release|x86.ActiveCfg = Release|Any CPU
		{D7DDC101-1C7A-4EAA-8ABB-003AC85DB1F1}.Release|x86.Build.0 = Release|Any CPU
		{BF7F7D61-704D-45FA-8B8D-757658CDE6E2}.Debug|Any CPU.ActiveCfg = Debug|Any CPU
		{BF7F7D61-704D-45FA-8B8D-757658CDE6E2}.Debug|Any CPU.Build.0 = Debug|Any CPU
		{BF7F7D61-704D-45FA-8B8D-757658CDE6E2}.Debug|x64.ActiveCfg = Debug|Any CPU
		{BF7F7D61-704D-45FA-8B8D-757658CDE6E2}.Debug|x64.Build.0 = Debug|Any CPU
		{BF7F7D61-704D-45FA-8B8D-757658CDE6E2}.Debug|x86.ActiveCfg = Debug|Any CPU
		{BF7F7D61-704D-45FA-8B8D-757658CDE6E2}.Debug|x86.Build.0 = Debug|Any CPU
		{BF7F7D61-704D-45FA-8B8D-757658CDE6E2}.Release|Any CPU.ActiveCfg = Release|Any CPU
		{BF7F7D61-704D-45FA-8B8D-757658CDE6E2}.Release|Any CPU.Build.0 = Release|Any CPU
		{BF7F7D61-704D-45FA-8B8D-757658CDE6E2}.Release|x64.ActiveCfg = Release|Any CPU
		{BF7F7D61-704D-45FA-8B8D-757658CDE6E2}.Release|x64.Build.0 = Release|Any CPU
		{BF7F7D61-704D-45FA-8B8D-757658CDE6E2}.Release|x86.ActiveCfg = Release|Any CPU
		{BF7F7D61-704D-45FA-8B8D-757658CDE6E2}.Release|x86.Build.0 = Release|Any CPU
	EndGlobalSection
	GlobalSection(SolutionProperties) = preSolution
		HideSolutionNode = FALSE
	EndGlobalSection
	GlobalSection(NestedProjects) = preSolution
		{D7DDC101-1C7A-4EAA-8ABB-003AC85DB1F1} = {A6A0FF6A-29DA-DAAD-0C6E-A211D5EE6583}
		{EC10624D-81B3-6534-873E-E7707B308740} = {0AB3BF05-4346-4AA6-1389-037BE0695223}
		{BF7F7D61-704D-45FA-8B8D-757658CDE6E2} = {EC10624D-81B3-6534-873E-E7707B308740}
	EndGlobalSection
EndGlobal
