
Microsoft Visual Studio Solution File, Format Version 12.00
Project("{FAE04EC0-301F-11D3-BF4B-00C04F79EFBC}") = "Tests", "Tests\Tests.csproj", "{2DE979E2-1A86-4C8C-B7ED-3D0EDADA6164}"
EndProject
Global
	GlobalSection(SolutionConfigurationPlatforms) = preSolution
		Debug|Any CPU = Debug|Any CPU
		Release|Any CPU = Release|Any CPU
	EndGlobalSection
	GlobalSection(ProjectConfigurationPlatforms) = postSolution
		{2DE979E2-1A86-4C8C-B7ED-3D0EDADA6164}.Debug|Any CPU.ActiveCfg = Debug|Any CPU
		{2DE979E2-1A86-4C8C-B7ED-3D0EDADA6164}.Debug|Any CPU.Build.0 = Debug|Any CPU
		{2DE979E2-1A86-4C8C-B7ED-3D0EDADA6164}.Release|Any CPU.ActiveCfg = Release|Any CPU
		{2DE979E2-1A86-4C8C-B7ED-3D0EDADA6164}.Release|Any CPU.Build.0 = Release|Any CPU
	EndGlobalSection
EndGlobal
