
Microsoft Visual Studio Solution File, Format Version 12.00
# Visual Studio Version 17
VisualStudioVersion = 17.6.33829.357
MinimumVisualStudioVersion = 10.0.40219.1
Project("{FAE04EC0-301F-11D3-BF4B-00C04F79EFBC}") = "DiplomApplication", "DiplomApplication.csproj", "{8BA636F2-A8FB-4CAB-8721-1A38C3C3F7AD}"
EndProject
Project("{FAE04EC0-301F-11D3-BF4B-00C04F79EFBC}") = "Tests", "..\Tests\Tests\Tests\Tests.csproj", "{DF4B8AC0-8D9E-4869-BB80-338ACAC81D4D}"
EndProject
Global
	GlobalSection(SolutionConfigurationPlatforms) = preSolution
		Debug|Any CPU = Debug|Any CPU
		Release|Any CPU = Release|Any CPU
	EndGlobalSection
	GlobalSection(ProjectConfigurationPlatforms) = postSolution
		{8BA636F2-A8FB-4CAB-8721-1A38C3C3F7AD}.Debug|Any CPU.ActiveCfg = Debug|Any CPU
		{8BA636F2-A8FB-4CAB-8721-1A38C3C3F7AD}.Debug|Any CPU.Build.0 = Debug|Any CPU
		{8BA636F2-A8FB-4CAB-8721-1A38C3C3F7AD}.Release|Any CPU.ActiveCfg = Release|Any CPU
		{8BA636F2-A8FB-4CAB-8721-1A38C3C3F7AD}.Release|Any CPU.Build.0 = Release|Any CPU
		{DF4B8AC0-8D9E-4869-BB80-338ACAC81D4D}.Debug|Any CPU.ActiveCfg = Debug|Any CPU
		{DF4B8AC0-8D9E-4869-BB80-338ACAC81D4D}.Debug|Any CPU.Build.0 = Debug|Any CPU
		{DF4B8AC0-8D9E-4869-BB80-338ACAC81D4D}.Release|Any CPU.ActiveCfg = Release|Any CPU
		{DF4B8AC0-8D9E-4869-BB80-338ACAC81D4D}.Release|Any CPU.Build.0 = Release|Any CPU
	EndGlobalSection
	GlobalSection(SolutionProperties) = preSolution
		HideSolutionNode = FALSE
	EndGlobalSection
	GlobalSection(ExtensibilityGlobals) = postSolution
		SolutionGuid = {82129A48-E213-4CB7-A566-9670461221CB}
	EndGlobalSection
EndGlobal
